
Microsoft Visual Studio Solution File, Format Version 12.00
# Visual Studio Version 17
VisualStudioVersion = 17.12.35707.178
MinimumVisualStudioVersion = 10.0.40219.1
Project("{2150E333-8FDC-42A3-9474-1A3956D46DE8}") = "FrontEnd", "FrontEnd", "{74779CF0-A2DF-4D39-B49D-5F59379A417B}"
EndProject
Project("{2150E333-8FDC-42A3-9474-1A3956D46DE8}") = "Gateway", "Gateway", "{4D4CDA73-7600-48A5-9B5A-76AB83923EEB}"
EndProject
Project("{2150E333-8FDC-42A3-9474-1A3956D46DE8}") = "Integration", "Integration", "{1C4F8720-71F4-4C4A-B83A-321615C0FABC}"
EndProject
Project("{2150E333-8FDC-42A3-9474-1A3956D46DE8}") = "Services", "Services", "{59F48BA3-A97D-47D5-BE7E-9D58EC1F8BBC}"
EndProject
Project("{FAE04EC0-301F-11D3-BF4B-00C04F79EFBC}") = "Mango.Services.Coupon.CouponAPI", "Mango.Services.CouponAPI\Mango.Services.Coupon.CouponAPI.csproj", "{8D3B7A9E-8A70-42C0-9364-A77896828877}"
EndProject
Project("{2150E333-8FDC-42A3-9474-1A3956D46DE8}") = "Coupon", "Coupon", "{8F751794-D818-427A-B5F1-8363CCDF5FAB}"
EndProject
Project("{FAE04EC0-301F-11D3-BF4B-00C04F79EFBC}") = "Mango.Services.Coupon.Application", "Mango.Services.Coupon.Application\Mango.Services.Coupon.Application.csproj", "{55D32395-614D-4956-8879-B8491918CAE2}"
EndProject
Global
	GlobalSection(SolutionConfigurationPlatforms) = preSolution
		Debug|Any CPU = Debug|Any CPU
		Release|Any CPU = Release|Any CPU
	EndGlobalSection
	GlobalSection(ProjectConfigurationPlatforms) = postSolution
		{8D3B7A9E-8A70-42C0-9364-A77896828877}.Debug|Any CPU.ActiveCfg = Debug|Any CPU
		{8D3B7A9E-8A70-42C0-9364-A77896828877}.Debug|Any CPU.Build.0 = Debug|Any CPU
		{8D3B7A9E-8A70-42C0-9364-A77896828877}.Release|Any CPU.ActiveCfg = Release|Any CPU
		{8D3B7A9E-8A70-42C0-9364-A77896828877}.Release|Any CPU.Build.0 = Release|Any CPU
		{55D32395-614D-4956-8879-B8491918CAE2}.Debug|Any CPU.ActiveCfg = Debug|Any CPU
		{55D32395-614D-4956-8879-B8491918CAE2}.Debug|Any CPU.Build.0 = Debug|Any CPU
		{55D32395-614D-4956-8879-B8491918CAE2}.Release|Any CPU.ActiveCfg = Release|Any CPU
		{55D32395-614D-4956-8879-B8491918CAE2}.Release|Any CPU.Build.0 = Release|Any CPU
	EndGlobalSection
	GlobalSection(SolutionProperties) = preSolution
		HideSolutionNode = FALSE
	EndGlobalSection
	GlobalSection(NestedProjects) = preSolution
		{8D3B7A9E-8A70-42C0-9364-A77896828877} = {8F751794-D818-427A-B5F1-8363CCDF5FAB}
		{8F751794-D818-427A-B5F1-8363CCDF5FAB} = {59F48BA3-A97D-47D5-BE7E-9D58EC1F8BBC}
		{55D32395-614D-4956-8879-B8491918CAE2} = {8F751794-D818-427A-B5F1-8363CCDF5FAB}
	EndGlobalSection
EndGlobal
